
Microsoft Visual Studio Solution File, Format Version 12.00
# Visual Studio Version 17
VisualStudioVersion = 17.1.32328.378
MinimumVisualStudioVersion = 10.0.40219.1
Project("{FAE04EC0-301F-11D3-BF4B-00C04F79EFBC}") = "Demo", "ClassLibrary1\Demo.csproj", "{C9E4C53A-344B-47C8-B8CA-825D4AAFA7FB}"
EndProject
Project("{FAE04EC0-301F-11D3-BF4B-00C04F79EFBC}") = "APITests", "APITests\APITests.csproj", "{BC3BD78D-B6B4-4597-BB67-BD6CBBBBAFE4}"
EndProject
Global
	GlobalSection(SolutionConfigurationPlatforms) = preSolution
		Debug|Any CPU = Debug|Any CPU
		Release|Any CPU = Release|Any CPU
	EndGlobalSection
	GlobalSection(ProjectConfigurationPlatforms) = postSolution
		{C9E4C53A-344B-47C8-B8CA-825D4AAFA7FB}.Debug|Any CPU.ActiveCfg = Debug|Any CPU
		{C9E4C53A-344B-47C8-B8CA-825D4AAFA7FB}.Debug|Any CPU.Build.0 = Debug|Any CPU
		{C9E4C53A-344B-47C8-B8CA-825D4AAFA7FB}.Release|Any CPU.ActiveCfg = Release|Any CPU
		{C9E4C53A-344B-47C8-B8CA-825D4AAFA7FB}.Release|Any CPU.Build.0 = Release|Any CPU
		{BC3BD78D-B6B4-4597-BB67-BD6CBBBBAFE4}.Debug|Any CPU.ActiveCfg = Debug|Any CPU
		{BC3BD78D-B6B4-4597-BB67-BD6CBBBBAFE4}.Debug|Any CPU.Build.0 = Debug|Any CPU
		{BC3BD78D-B6B4-4597-BB67-BD6CBBBBAFE4}.Release|Any CPU.ActiveCfg = Release|Any CPU
		{BC3BD78D-B6B4-4597-BB67-BD6CBBBBAFE4}.Release|Any CPU.Build.0 = Release|Any CPU
	EndGlobalSection
	GlobalSection(SolutionProperties) = preSolution
		HideSolutionNode = FALSE
	EndGlobalSection
	GlobalSection(ExtensibilityGlobals) = postSolution
		SolutionGuid = {899F982E-3C80-48FA-B2AB-0B995C98D58E}
	EndGlobalSection
EndGlobal
